name: Update Flake Lock
on:
  workflow_dispatch: # allows manual trigger
  schedule:
    - cron: "0 0 * * *" # Run at midnight UTC every day
permissions:
  contents: write

jobs:
  lockfile:
    runs-on: ubuntu-latest
    steps:
      - name: Checkout repository
        uses: actions/checkout@v4

      - name: Install Nix
        uses: DeterminateSystems/nix-installer-action@main

      - name: Update flake.lock
        uses: DeterminateSystems/update-flake-lock@main
        with:
          commit-msg: "chore(flake): 🔄 update flake lock"
